
Microsoft Visual Studio Solution File, Format Version 12.00
# Visual Studio Version 17
VisualStudioVersion = 17.5.33530.505
MinimumVisualStudioVersion = 10.0.40219.1
Project("{FAE04EC0-301F-11D3-BF4B-00C04F79EFBC}") = "Conteiner", "Conteiner\Conteiner.csproj", "{7F0D198E-07D4-48F4-B2A6-826A8BA6E544}"
EndProject
Global
	GlobalSection(SolutionConfigurationPlatforms) = preSolution
		Debug|Any CPU = Debug|Any CPU
		Release|Any CPU = Release|Any CPU
	EndGlobalSection
	GlobalSection(ProjectConfigurationPlatforms) = postSolution
		{7F0D198E-07D4-48F4-B2A6-826A8BA6E544}.Debug|Any CPU.ActiveCfg = Debug|Any CPU
		{7F0D198E-07D4-48F4-B2A6-826A8BA6E544}.Debug|Any CPU.Build.0 = Debug|Any CPU
		{7F0D198E-07D4-48F4-B2A6-826A8BA6E544}.Release|Any CPU.ActiveCfg = Release|Any CPU
		{7F0D198E-07D4-48F4-B2A6-826A8BA6E544}.Release|Any CPU.Build.0 = Release|Any CPU
	EndGlobalSection
	GlobalSection(SolutionProperties) = preSolution
		HideSolutionNode = FALSE
	EndGlobalSection
	GlobalSection(ExtensibilityGlobals) = postSolution
		SolutionGuid = {A31DF677-7ADA-4B06-AA38-843371997EF4}
	EndGlobalSection
EndGlobal
